# Auto-generated by Engram skill resolver. Do not edit manually.
# Regenerate with: memory_skill_sync or generate_skill_manifest.py --lock
lock_version: 1
locked_at: "2026-04-08T20:58:00Z"

entries:

  onboarding:
    source: local
    resolved_path: core/memory/skills/onboarding/
    content_hash: "sha256:c1a99f40ee093d61e015698193320bf8bfe7710a06b16f5922cbf697f73510ce"
    locked_at: "2026-04-08T20:58:00Z"
    file_count: 3
    total_bytes: 9414

  session-start:
    source: local
    resolved_path: core/memory/skills/session-start/
    content_hash: "sha256:ae97eb2694dd8c927231d43c0c63d8999ea4766966c38856c32e10d85b08d5ee"
    locked_at: "2026-04-08T20:58:00Z"
    file_count: 1
    total_bytes: 5566

  session-sync:
    source: local
    resolved_path: core/memory/skills/session-sync/
    content_hash: "sha256:e34cb2471f374c534fd75d6e0e36368ba544b14aaea990304b27a5cf14d4e6b2"
    locked_at: "2026-04-08T20:58:00Z"
    file_count: 1
    total_bytes: 4548

  session-wrapup:
    source: local
    resolved_path: core/memory/skills/session-wrapup/
    content_hash: "sha256:eedfe962e20055651e028568b4b6689357e42f91771f10f913b3218815902c6b"
    locked_at: "2026-04-08T20:58:00Z"
    file_count: 1
    total_bytes: 4429

  codebase-survey:
    source: local
    resolved_path: core/memory/skills/codebase-survey/
    content_hash: "sha256:f25c04acbb958cdc6e98c1f9097a2c8850ac1881d00bec96cc166bb4fec05c50"
    locked_at: "2026-04-08T20:58:00Z"
    file_count: 1
    total_bytes: 10143

  flow-trace:
    source: local
    resolved_path: core/memory/skills/flow-trace/
    content_hash: "sha256:c84d30a95237859fe166c16650571cc37b15ad47d0bb5a1b7174375d173e1b60"
    locked_at: "2026-04-08T20:58:00Z"
    file_count: 1
    total_bytes: 13766
